// !$*UTF8*$!
{
	archiveVersion = 1;
	classes = {
	};
	objectVersion = 46;
	objects = {

/* Begin PBXBuildFile section */
		6D0278874716C3F1267B5851 /* libPods-ios generalUITests.a in Frameworks */ = {isa = PBXBuildFile; fileRef = B1FBE0B8A0739DC8ED72A922 /* libPods-ios generalUITests.a */; };
		935C63001EBB4C7800EA6A8A /* ios_generalTests.m in Sources */ = {isa = PBXBuildFile; fileRef = 935C62FF1EBB4C7800EA6A8A /* ios_generalTests.m */; };
		935C630B1EBB4C7900EA6A8A /* ios_generalUITests.m in Sources */ = {isa = PBXBuildFile; fileRef = 935C630A1EBB4C7900EA6A8A /* ios_generalUITests.m */; };
		937055751EC30B470047F4EF /* Assets.xcassets in Resources */ = {isa = PBXBuildFile; fileRef = 937055701EC30B470047F4EF /* Assets.xcassets */; };
		937055771EC30B470047F4EF /* Main.storyboard in Resources */ = {isa = PBXBuildFile; fileRef = 937055721EC30B470047F4EF /* Main.storyboard */; };
		A8F63B9F24CEE13F7ED7410A /* libPods-ios generalTests.a in Frameworks */ = {isa = PBXBuildFile; fileRef = D67F5706877FFF3342472176 /* libPods-ios generalTests.a */; };
		AE5D77B41ED826E000883F02 /* OrganizationMO+CoreDataClass.m in Sources */ = {isa = PBXBuildFile; fileRef = AE5D77AD1ED826E000883F02 /* OrganizationMO+CoreDataClass.m */; };
		AE5D77B51ED826E000883F02 /* OrganizationMO+CoreDataProperties.m in Sources */ = {isa = PBXBuildFile; fileRef = AE5D77AF1ED826E000883F02 /* OrganizationMO+CoreDataProperties.m */; };
		AE5D77E21ED8431D00883F02 /* EmployeeMO+CoreDataClass.m in Sources */ = {isa = PBXBuildFile; fileRef = AE5D77DF1ED8431D00883F02 /* EmployeeMO+CoreDataClass.m */; };
		AE5D77E31ED8431D00883F02 /* EmployeeMO+CoreDataProperties.m in Sources */ = {isa = PBXBuildFile; fileRef = AE5D77E11ED8431D00883F02 /* EmployeeMO+CoreDataProperties.m */; };
		AE82FA601ED45E98006EE78F /* AppDelegate.m in Sources */ = {isa = PBXBuildFile; fileRef = 935C62E91EBB4C7800EA6A8A /* AppDelegate.m */; };
		AE82FA611ED45E98006EE78F /* CreateEmployeeViewController.m in Sources */ = {isa = PBXBuildFile; fileRef = AE6DBDCE1ECCB4C10035C3CB /* CreateEmployeeViewController.m */; };
		AE82FA621ED45E98006EE78F /* DetailViewController.m in Sources */ = {isa = PBXBuildFile; fileRef = AE6DBDD01ECCB4C10035C3CB /* DetailViewController.m */; };
		AE82FA631ED45E98006EE78F /* MainTableViewController.m in Sources */ = {isa = PBXBuildFile; fileRef = AE6DBDD21ECCB4C10035C3CB /* MainTableViewController.m */; };
		AE82FA661ED45E98006EE78F /* EmployeeMO+Custom.m in Sources */ = {isa = PBXBuildFile; fileRef = AE6DBDBB1ECCB3150035C3CB /* EmployeeMO+Custom.m */; };
		AE82FA691ED45E98006EE78F /* OrganizationMO+Custom.m in Sources */ = {isa = PBXBuildFile; fileRef = AE6DBDC31ECCB3150035C3CB /* OrganizationMO+Custom.m */; };
		AE82FA6A1ED45E98006EE78F /* main.m in Sources */ = {isa = PBXBuildFile; fileRef = 935C62E61EBB4C7800EA6A8A /* main.m */; };
		AE82FA6B1ED46163006EE78F /* model.xcdatamodeld in Sources */ = {isa = PBXBuildFile; fileRef = AE6DBDBC1ECCB3150035C3CB /* model.xcdatamodeld */; };
		AEA8A3401ECC46260039ABF6 /* CoreData.framework in Frameworks */ = {isa = PBXBuildFile; fileRef = AEA8A33F1ECC46260039ABF6 /* CoreData.framework */; };
		AEA9BD311ED5C9E3007736E6 /* OrganizationInfoViewController.swift in Sources */ = {isa = PBXBuildFile; fileRef = AEA9BD301ED5C9E3007736E6 /* OrganizationInfoViewController.swift */; };
		CA2DC118BCDEEE9BC51D2CE0 /* libPods-ios general.a in Frameworks */ = {isa = PBXBuildFile; fileRef = 31BDA413E6DD29E5A1597DDD /* libPods-ios general.a */; };
/* End PBXBuildFile section */

/* Begin PBXContainerItemProxy section */
		935C62FC1EBB4C7800EA6A8A /* PBXContainerItemProxy */ = {
			isa = PBXContainerItemProxy;
			containerPortal = 935C62DA1EBB4C7800EA6A8A /* Project object */;
			proxyType = 1;
			remoteGlobalIDString = 935C62E11EBB4C7800EA6A8A;
			remoteInfo = "ios general";
		};
		935C63071EBB4C7900EA6A8A /* PBXContainerItemProxy */ = {
			isa = PBXContainerItemProxy;
			containerPortal = 935C62DA1EBB4C7800EA6A8A /* Project object */;
			proxyType = 1;
			remoteGlobalIDString = 935C62E11EBB4C7800EA6A8A;
			remoteInfo = "ios general";
		};
/* End PBXContainerItemProxy section */

/* Begin PBXFileReference section */
		31BDA413E6DD29E5A1597DDD /* libPods-ios general.a */ = {isa = PBXFileReference; explicitFileType = archive.ar; includeInIndex = 0; path = "libPods-ios general.a"; sourceTree = BUILT_PRODUCTS_DIR; };
		462758EA647B3254F184CA2E /* Pods-ios general.debug.xcconfig */ = {isa = PBXFileReference; includeInIndex = 1; lastKnownFileType = text.xcconfig; name = "Pods-ios general.debug.xcconfig"; path = "Pods/Target Support Files/Pods-ios general/Pods-ios general.debug.xcconfig"; sourceTree = "<group>"; };
		4BD6F8876967B42EA33BD30E /* Pods-ios generalUITests.release.xcconfig */ = {isa = PBXFileReference; includeInIndex = 1; lastKnownFileType = text.xcconfig; name = "Pods-ios generalUITests.release.xcconfig"; path = "Pods/Target Support Files/Pods-ios generalUITests/Pods-ios generalUITests.release.xcconfig"; sourceTree = "<group>"; };
		4EFFBCA8D58B1E4F9417221B /* Pods-ios general.release.xcconfig */ = {isa = PBXFileReference; includeInIndex = 1; lastKnownFileType = text.xcconfig; name = "Pods-ios general.release.xcconfig"; path = "Pods/Target Support Files/Pods-ios general/Pods-ios general.release.xcconfig"; sourceTree = "<group>"; };
		7E89CBDE2F748FFF12167BF3 /* Pods-ios generalTests.debug.xcconfig */ = {isa = PBXFileReference; includeInIndex = 1; lastKnownFileType = text.xcconfig; name = "Pods-ios generalTests.debug.xcconfig"; path = "Pods/Target Support Files/Pods-ios generalTests/Pods-ios generalTests.debug.xcconfig"; sourceTree = "<group>"; };
		935C62E21EBB4C7800EA6A8A /* ios general.app */ = {isa = PBXFileReference; explicitFileType = wrapper.application; includeInIndex = 0; path = "ios general.app"; sourceTree = BUILT_PRODUCTS_DIR; };
		935C62E61EBB4C7800EA6A8A /* main.m */ = {isa = PBXFileReference; lastKnownFileType = sourcecode.c.objc; path = main.m; sourceTree = "<group>"; };
		935C62E81EBB4C7800EA6A8A /* AppDelegate.h */ = {isa = PBXFileReference; lastKnownFileType = sourcecode.c.h; path = AppDelegate.h; sourceTree = "<group>"; };
		935C62E91EBB4C7800EA6A8A /* AppDelegate.m */ = {isa = PBXFileReference; lastKnownFileType = sourcecode.c.objc; path = AppDelegate.m; sourceTree = "<group>"; };
		935C62F61EBB4C7800EA6A8A /* Info.plist */ = {isa = PBXFileReference; lastKnownFileType = text.plist.xml; path = Info.plist; sourceTree = "<group>"; };
		935C62FB1EBB4C7800EA6A8A /* ios generalTests.xctest */ = {isa = PBXFileReference; explicitFileType = wrapper.cfbundle; includeInIndex = 0; path = "ios generalTests.xctest"; sourceTree = BUILT_PRODUCTS_DIR; };
		935C62FF1EBB4C7800EA6A8A /* ios_generalTests.m */ = {isa = PBXFileReference; lastKnownFileType = sourcecode.c.objc; path = ios_generalTests.m; sourceTree = "<group>"; };
		935C63011EBB4C7800EA6A8A /* Info.plist */ = {isa = PBXFileReference; lastKnownFileType = text.plist.xml; path = Info.plist; sourceTree = "<group>"; };
		935C63061EBB4C7900EA6A8A /* ios generalUITests.xctest */ = {isa = PBXFileReference; explicitFileType = wrapper.cfbundle; includeInIndex = 0; path = "ios generalUITests.xctest"; sourceTree = BUILT_PRODUCTS_DIR; };
		935C630A1EBB4C7900EA6A8A /* ios_generalUITests.m */ = {isa = PBXFileReference; lastKnownFileType = sourcecode.c.objc; path = ios_generalUITests.m; sourceTree = "<group>"; };
		935C630C1EBB4C7900EA6A8A /* Info.plist */ = {isa = PBXFileReference; lastKnownFileType = text.plist.xml; path = Info.plist; sourceTree = "<group>"; };
		937055701EC30B470047F4EF /* Assets.xcassets */ = {isa = PBXFileReference; lastKnownFileType = folder.assetcatalog; path = Assets.xcassets; sourceTree = "<group>"; };
		937055721EC30B470047F4EF /* Main.storyboard */ = {isa = PBXFileReference; fileEncoding = 4; lastKnownFileType = file.storyboard; path = Main.storyboard; sourceTree = "<group>"; };
		AE5D77AC1ED826E000883F02 /* OrganizationMO+CoreDataClass.h */ = {isa = PBXFileReference; fileEncoding = 4; lastKnownFileType = sourcecode.c.h; path = "OrganizationMO+CoreDataClass.h"; sourceTree = "<group>"; };
		AE5D77AD1ED826E000883F02 /* OrganizationMO+CoreDataClass.m */ = {isa = PBXFileReference; fileEncoding = 4; lastKnownFileType = sourcecode.c.objc; path = "OrganizationMO+CoreDataClass.m"; sourceTree = "<group>"; };
		AE5D77AE1ED826E000883F02 /* OrganizationMO+CoreDataProperties.h */ = {isa = PBXFileReference; fileEncoding = 4; lastKnownFileType = sourcecode.c.h; path = "OrganizationMO+CoreDataProperties.h"; sourceTree = "<group>"; };
		AE5D77AF1ED826E000883F02 /* OrganizationMO+CoreDataProperties.m */ = {isa = PBXFileReference; fileEncoding = 4; lastKnownFileType = sourcecode.c.objc; path = "OrganizationMO+CoreDataProperties.m"; sourceTree = "<group>"; };
		AE5D77DE1ED8431D00883F02 /* EmployeeMO+CoreDataClass.h */ = {isa = PBXFileReference; fileEncoding = 4; lastKnownFileType = sourcecode.c.h; path = "EmployeeMO+CoreDataClass.h"; sourceTree = "<group>"; };
		AE5D77DF1ED8431D00883F02 /* EmployeeMO+CoreDataClass.m */ = {isa = PBXFileReference; fileEncoding = 4; lastKnownFileType = sourcecode.c.objc; path = "EmployeeMO+CoreDataClass.m"; sourceTree = "<group>"; };
		AE5D77E01ED8431D00883F02 /* EmployeeMO+CoreDataProperties.h */ = {isa = PBXFileReference; fileEncoding = 4; lastKnownFileType = sourcecode.c.h; path = "EmployeeMO+CoreDataProperties.h"; sourceTree = "<group>"; };
		AE5D77E11ED8431D00883F02 /* EmployeeMO+CoreDataProperties.m */ = {isa = PBXFileReference; fileEncoding = 4; lastKnownFileType = sourcecode.c.objc; path = "EmployeeMO+CoreDataProperties.m"; sourceTree = "<group>"; };
		AE6DBDBA1ECCB3150035C3CB /* EmployeeMO+Custom.h */ = {isa = PBXFileReference; fileEncoding = 4; lastKnownFileType = sourcecode.c.h; path = "EmployeeMO+Custom.h"; sourceTree = "<group>"; };
		AE6DBDBB1ECCB3150035C3CB /* EmployeeMO+Custom.m */ = {isa = PBXFileReference; fileEncoding = 4; lastKnownFileType = sourcecode.c.objc; path = "EmployeeMO+Custom.m"; sourceTree = "<group>"; };
		AE6DBDBD1ECCB3150035C3CB /* model.xcdatamodel */ = {isa = PBXFileReference; lastKnownFileType = wrapper.xcdatamodel; path = model.xcdatamodel; sourceTree = "<group>"; };
		AE6DBDC21ECCB3150035C3CB /* OrganizationMO+Custom.h */ = {isa = PBXFileReference; fileEncoding = 4; lastKnownFileType = sourcecode.c.h; path = "OrganizationMO+Custom.h"; sourceTree = "<group>"; };
		AE6DBDC31ECCB3150035C3CB /* OrganizationMO+Custom.m */ = {isa = PBXFileReference; fileEncoding = 4; lastKnownFileType = sourcecode.c.objc; path = "OrganizationMO+Custom.m"; sourceTree = "<group>"; };
		AE6DBDCD1ECCB4C10035C3CB /* CreateEmployeeViewController.h */ = {isa = PBXFileReference; fileEncoding = 4; lastKnownFileType = sourcecode.c.h; path = CreateEmployeeViewController.h; sourceTree = "<group>"; };
		AE6DBDCE1ECCB4C10035C3CB /* CreateEmployeeViewController.m */ = {isa = PBXFileReference; fileEncoding = 4; lastKnownFileType = sourcecode.c.objc; path = CreateEmployeeViewController.m; sourceTree = "<group>"; };
		AE6DBDCF1ECCB4C10035C3CB /* DetailViewController.h */ = {isa = PBXFileReference; fileEncoding = 4; lastKnownFileType = sourcecode.c.h; path = DetailViewController.h; sourceTree = "<group>"; };
		AE6DBDD01ECCB4C10035C3CB /* DetailViewController.m */ = {isa = PBXFileReference; fileEncoding = 4; lastKnownFileType = sourcecode.c.objc; path = DetailViewController.m; sourceTree = "<group>"; };
		AE6DBDD11ECCB4C10035C3CB /* MainTableViewController.h */ = {isa = PBXFileReference; fileEncoding = 4; lastKnownFileType = sourcecode.c.h; path = MainTableViewController.h; sourceTree = "<group>"; };
		AE6DBDD21ECCB4C10035C3CB /* MainTableViewController.m */ = {isa = PBXFileReference; fileEncoding = 4; lastKnownFileType = sourcecode.c.objc; path = MainTableViewController.m; sourceTree = "<group>"; };
		AEA8A33F1ECC46260039ABF6 /* CoreData.framework */ = {isa = PBXFileReference; lastKnownFileType = wrapper.framework; name = CoreData.framework; path = System/Library/Frameworks/CoreData.framework; sourceTree = SDKROOT; };
		AEA9BD2F1ED5C9E2007736E6 /* ios general-Bridging-Header.h */ = {isa = PBXFileReference; lastKnownFileType = sourcecode.c.h; path = "ios general-Bridging-Header.h"; sourceTree = "<group>"; };
		AEA9BD301ED5C9E3007736E6 /* OrganizationInfoViewController.swift */ = {isa = PBXFileReference; fileEncoding = 4; lastKnownFileType = sourcecode.swift; path = OrganizationInfoViewController.swift; sourceTree = "<group>"; };
		B1FBE0B8A0739DC8ED72A922 /* libPods-ios generalUITests.a */ = {isa = PBXFileReference; explicitFileType = archive.ar; includeInIndex = 0; path = "libPods-ios generalUITests.a"; sourceTree = BUILT_PRODUCTS_DIR; };
		B5A70D993C7FA80436D4E426 /* Pods-ios generalTests.release.xcconfig */ = {isa = PBXFileReference; includeInIndex = 1; lastKnownFileType = text.xcconfig; name = "Pods-ios generalTests.release.xcconfig"; path = "Pods/Target Support Files/Pods-ios generalTests/Pods-ios generalTests.release.xcconfig"; sourceTree = "<group>"; };
		BE07BA3F96FEE696E0194A9D /* Pods-ios generalUITests.debug.xcconfig */ = {isa = PBXFileReference; includeInIndex = 1; lastKnownFileType = text.xcconfig; name = "Pods-ios generalUITests.debug.xcconfig"; path = "Pods/Target Support Files/Pods-ios generalUITests/Pods-ios generalUITests.debug.xcconfig"; sourceTree = "<group>"; };
		D67F5706877FFF3342472176 /* libPods-ios generalTests.a */ = {isa = PBXFileReference; explicitFileType = archive.ar; includeInIndex = 0; path = "libPods-ios generalTests.a"; sourceTree = BUILT_PRODUCTS_DIR; };
/* End PBXFileReference section */

/* Begin PBXFrameworksBuildPhase section */
		935C62DF1EBB4C7800EA6A8A /* Frameworks */ = {
			isa = PBXFrameworksBuildPhase;
			buildActionMask = 2147483647;
			files = (
				AEA8A3401ECC46260039ABF6 /* CoreData.framework in Frameworks */,
				CA2DC118BCDEEE9BC51D2CE0 /* libPods-ios general.a in Frameworks */,
			);
			runOnlyForDeploymentPostprocessing = 0;
		};
		935C62F81EBB4C7800EA6A8A /* Frameworks */ = {
			isa = PBXFrameworksBuildPhase;
			buildActionMask = 2147483647;
			files = (
				A8F63B9F24CEE13F7ED7410A /* libPods-ios generalTests.a in Frameworks */,
			);
			runOnlyForDeploymentPostprocessing = 0;
		};
		935C63031EBB4C7900EA6A8A /* Frameworks */ = {
			isa = PBXFrameworksBuildPhase;
			buildActionMask = 2147483647;
			files = (
				6D0278874716C3F1267B5851 /* libPods-ios generalUITests.a in Frameworks */,
			);
			runOnlyForDeploymentPostprocessing = 0;
		};
/* End PBXFrameworksBuildPhase section */

/* Begin PBXGroup section */
		935C62D91EBB4C7800EA6A8A = {
			isa = PBXGroup;
			children = (
				935C62E41EBB4C7800EA6A8A /* ios general */,
				935C62FE1EBB4C7800EA6A8A /* ios generalTests */,
				935C63091EBB4C7900EA6A8A /* ios generalUITests */,
				935C62E31EBB4C7800EA6A8A /* Products */,
				AEA8A33E1ECC46260039ABF6 /* Frameworks */,
				BAC3D52C609967E4905F4C6D /* Pods */,
			);
			sourceTree = "<group>";
		};
		935C62E31EBB4C7800EA6A8A /* Products */ = {
			isa = PBXGroup;
			children = (
				935C62E21EBB4C7800EA6A8A /* ios general.app */,
				935C62FB1EBB4C7800EA6A8A /* ios generalTests.xctest */,
				935C63061EBB4C7900EA6A8A /* ios generalUITests.xctest */,
			);
			name = Products;
			sourceTree = "<group>";
		};
		935C62E41EBB4C7800EA6A8A /* ios general */ = {
			isa = PBXGroup;
			children = (
				937055721EC30B470047F4EF /* Main.storyboard */,
				935C62E81EBB4C7800EA6A8A /* AppDelegate.h */,
				935C62E91EBB4C7800EA6A8A /* AppDelegate.m */,
				AE6DBDCC1ECCB4C10035C3CB /* Controller */,
				AE6DBDB51ECCB3150035C3CB /* CoreData */,
				935C62E51EBB4C7800EA6A8A /* Supporting Files */,
			);
			path = "ios general";
			sourceTree = "<group>";
		};
		935C62E51EBB4C7800EA6A8A /* Supporting Files */ = {
			isa = PBXGroup;
			children = (
				935C62F61EBB4C7800EA6A8A /* Info.plist */,
				937055701EC30B470047F4EF /* Assets.xcassets */,
				935C62E61EBB4C7800EA6A8A /* main.m */,
			);
			name = "Supporting Files";
			sourceTree = "<group>";
		};
		935C62FE1EBB4C7800EA6A8A /* ios generalTests */ = {
			isa = PBXGroup;
			children = (
				935C62FF1EBB4C7800EA6A8A /* ios_generalTests.m */,
				935C63011EBB4C7800EA6A8A /* Info.plist */,
			);
			path = "ios generalTests";
			sourceTree = "<group>";
		};
		935C63091EBB4C7900EA6A8A /* ios generalUITests */ = {
			isa = PBXGroup;
			children = (
				935C630A1EBB4C7900EA6A8A /* ios_generalUITests.m */,
				935C630C1EBB4C7900EA6A8A /* Info.plist */,
			);
			path = "ios generalUITests";
			sourceTree = "<group>";
		};
		AE6DBDB51ECCB3150035C3CB /* CoreData */ = {
			isa = PBXGroup;
			children = (
				AE6DBDBC1ECCB3150035C3CB /* model.xcdatamodeld */,
				AE5D77DE1ED8431D00883F02 /* EmployeeMO+CoreDataClass.h */,
				AE5D77DF1ED8431D00883F02 /* EmployeeMO+CoreDataClass.m */,
				AE5D77E01ED8431D00883F02 /* EmployeeMO+CoreDataProperties.h */,
				AE5D77E11ED8431D00883F02 /* EmployeeMO+CoreDataProperties.m */,
				AE5D77AC1ED826E000883F02 /* OrganizationMO+CoreDataClass.h */,
				AE5D77AD1ED826E000883F02 /* OrganizationMO+CoreDataClass.m */,
				AE5D77AE1ED826E000883F02 /* OrganizationMO+CoreDataProperties.h */,
				AE5D77AF1ED826E000883F02 /* OrganizationMO+CoreDataProperties.m */,
				AE6DBDBA1ECCB3150035C3CB /* EmployeeMO+Custom.h */,
				AE6DBDBB1ECCB3150035C3CB /* EmployeeMO+Custom.m */,
				AE6DBDC21ECCB3150035C3CB /* OrganizationMO+Custom.h */,
				AE6DBDC31ECCB3150035C3CB /* OrganizationMO+Custom.m */,
			);
			path = CoreData;
			sourceTree = "<group>";
		};
		AE6DBDCC1ECCB4C10035C3CB /* Controller */ = {
			isa = PBXGroup;
			children = (
				AEA9BD2F1ED5C9E2007736E6 /* ios general-Bridging-Header.h */,
				AEA9BD301ED5C9E3007736E6 /* OrganizationInfoViewController.swift */,
				AE6DBDCD1ECCB4C10035C3CB /* CreateEmployeeViewController.h */,
				AE6DBDCE1ECCB4C10035C3CB /* CreateEmployeeViewController.m */,
				AE6DBDCF1ECCB4C10035C3CB /* DetailViewController.h */,
				AE6DBDD01ECCB4C10035C3CB /* DetailViewController.m */,
				AE6DBDD11ECCB4C10035C3CB /* MainTableViewController.h */,
				AE6DBDD21ECCB4C10035C3CB /* MainTableViewController.m */,
			);
			path = Controller;
			sourceTree = "<group>";
		};
		AEA8A33E1ECC46260039ABF6 /* Frameworks */ = {
			isa = PBXGroup;
			children = (
				AEA8A33F1ECC46260039ABF6 /* CoreData.framework */,
				31BDA413E6DD29E5A1597DDD /* libPods-ios general.a */,
				D67F5706877FFF3342472176 /* libPods-ios generalTests.a */,
				B1FBE0B8A0739DC8ED72A922 /* libPods-ios generalUITests.a */,
			);
			name = Frameworks;
			sourceTree = "<group>";
		};
		BAC3D52C609967E4905F4C6D /* Pods */ = {
			isa = PBXGroup;
			children = (
				462758EA647B3254F184CA2E /* Pods-ios general.debug.xcconfig */,
				4EFFBCA8D58B1E4F9417221B /* Pods-ios general.release.xcconfig */,
				7E89CBDE2F748FFF12167BF3 /* Pods-ios generalTests.debug.xcconfig */,
				B5A70D993C7FA80436D4E426 /* Pods-ios generalTests.release.xcconfig */,
				BE07BA3F96FEE696E0194A9D /* Pods-ios generalUITests.debug.xcconfig */,
				4BD6F8876967B42EA33BD30E /* Pods-ios generalUITests.release.xcconfig */,
			);
			name = Pods;
			sourceTree = "<group>";
		};
/* End PBXGroup section */

/* Begin PBXNativeTarget section */
		935C62E11EBB4C7800EA6A8A /* ios general */ = {
			isa = PBXNativeTarget;
			buildConfigurationList = 935C630F1EBB4C7900EA6A8A /* Build configuration list for PBXNativeTarget "ios general" */;
			buildPhases = (
				6698B9D447DF13E56D77ADA6 /* [CP] Check Pods Manifest.lock */,
				935C62DE1EBB4C7800EA6A8A /* Sources */,
				935C62DF1EBB4C7800EA6A8A /* Frameworks */,
				935C62E01EBB4C7800EA6A8A /* Resources */,
				B08F7BF61B5B78F214A6F98B /* [CP] Embed Pods Frameworks */,
				059420A79183F6ABE9FCE742 /* [CP] Copy Pods Resources */,
			);
			buildRules = (
			);
			dependencies = (
			);
			name = "ios general";
			productName = "ios general";
			productReference = 935C62E21EBB4C7800EA6A8A /* ios general.app */;
			productType = "com.apple.product-type.application";
		};
		935C62FA1EBB4C7800EA6A8A /* ios generalTests */ = {
			isa = PBXNativeTarget;
			buildConfigurationList = 935C63121EBB4C7900EA6A8A /* Build configuration list for PBXNativeTarget "ios generalTests" */;
			buildPhases = (
				5F796F5296CDCBEB33AA0A07 /* [CP] Check Pods Manifest.lock */,
				935C62F71EBB4C7800EA6A8A /* Sources */,
				935C62F81EBB4C7800EA6A8A /* Frameworks */,
				935C62F91EBB4C7800EA6A8A /* Resources */,
				3E234D1C7D3A87B63E479428 /* [CP] Embed Pods Frameworks */,
				8F7C43DB9696FED3A3521FAB /* [CP] Copy Pods Resources */,
			);
			buildRules = (
			);
			dependencies = (
				935C62FD1EBB4C7800EA6A8A /* PBXTargetDependency */,
			);
			name = "ios generalTests";
			productName = "ios generalTests";
			productReference = 935C62FB1EBB4C7800EA6A8A /* ios generalTests.xctest */;
			productType = "com.apple.product-type.bundle.unit-test";
		};
		935C63051EBB4C7900EA6A8A /* ios generalUITests */ = {
			isa = PBXNativeTarget;
			buildConfigurationList = 935C63151EBB4C7900EA6A8A /* Build configuration list for PBXNativeTarget "ios generalUITests" */;
			buildPhases = (
				4D77CE928988B46C7171E8A7 /* [CP] Check Pods Manifest.lock */,
				935C63021EBB4C7900EA6A8A /* Sources */,
				935C63031EBB4C7900EA6A8A /* Frameworks */,
				935C63041EBB4C7900EA6A8A /* Resources */,
				063894881D29DDA757A40D2E /* [CP] Embed Pods Frameworks */,
				7125C96FE3FAC24F4901E7B7 /* [CP] Copy Pods Resources */,
			);
			buildRules = (
			);
			dependencies = (
				935C63081EBB4C7900EA6A8A /* PBXTargetDependency */,
			);
			name = "ios generalUITests";
			productName = "ios generalUITests";
			productReference = 935C63061EBB4C7900EA6A8A /* ios generalUITests.xctest */;
			productType = "com.apple.product-type.bundle.ui-testing";
		};
/* End PBXNativeTarget section */

/* Begin PBXProject section */
		935C62DA1EBB4C7800EA6A8A /* Project object */ = {
			isa = PBXProject;
			attributes = {
				LastUpgradeCheck = 0830;
				ORGANIZATIONNAME = "Darina Locovna";
				TargetAttributes = {
					935C62E11EBB4C7800EA6A8A = {
						CreatedOnToolsVersion = 8.3.2;
						LastSwiftMigration = 0830;
						ProvisioningStyle = Automatic;
					};
					935C62FA1EBB4C7800EA6A8A = {
						CreatedOnToolsVersion = 8.3.2;
						ProvisioningStyle = Automatic;
						TestTargetID = 935C62E11EBB4C7800EA6A8A;
					};
					935C63051EBB4C7900EA6A8A = {
						CreatedOnToolsVersion = 8.3.2;
						ProvisioningStyle = Automatic;
						TestTargetID = 935C62E11EBB4C7800EA6A8A;
					};
				};
			};
			buildConfigurationList = 935C62DD1EBB4C7800EA6A8A /* Build configuration list for PBXProject "ios general" */;
			compatibilityVersion = "Xcode 3.2";
			developmentRegion = English;
			hasScannedForEncodings = 0;
			knownRegions = (
				en,
				Base,
			);
			mainGroup = 935C62D91EBB4C7800EA6A8A;
			productRefGroup = 935C62E31EBB4C7800EA6A8A /* Products */;
			projectDirPath = "";
			projectRoot = "";
			targets = (
				935C62E11EBB4C7800EA6A8A /* ios general */,
				935C62FA1EBB4C7800EA6A8A /* ios generalTests */,
				935C63051EBB4C7900EA6A8A /* ios generalUITests */,
			);
		};
/* End PBXProject section */

/* Begin PBXResourcesBuildPhase section */
		935C62E01EBB4C7800EA6A8A /* Resources */ = {
			isa = PBXResourcesBuildPhase;
			buildActionMask = 2147483647;
			files = (
				937055771EC30B470047F4EF /* Main.storyboard in Resources */,
				937055751EC30B470047F4EF /* Assets.xcassets in Resources */,
			);
			runOnlyForDeploymentPostprocessing = 0;
		};
		935C62F91EBB4C7800EA6A8A /* Resources */ = {
			isa = PBXResourcesBuildPhase;
			buildActionMask = 2147483647;
			files = (
			);
			runOnlyForDeploymentPostprocessing = 0;
		};
		935C63041EBB4C7900EA6A8A /* Resources */ = {
			isa = PBXResourcesBuildPhase;
			buildActionMask = 2147483647;
			files = (
			);
			runOnlyForDeploymentPostprocessing = 0;
		};
/* End PBXResourcesBuildPhase section */

/* Begin PBXShellScriptBuildPhase section */
		059420A79183F6ABE9FCE742 /* [CP] Copy Pods Resources */ = {
			isa = PBXShellScriptBuildPhase;
			buildActionMask = 2147483647;
			files = (
			);
			inputPaths = (
			);
			name = "[CP] Copy Pods Resources";
			outputPaths = (
			);
			runOnlyForDeploymentPostprocessing = 0;
			shellPath = /bin/sh;
			shellScript = "\"${SRCROOT}/Pods/Target Support Files/Pods-ios general/Pods-ios general-resources.sh\"\n";
			showEnvVarsInLog = 0;
		};
		063894881D29DDA757A40D2E /* [CP] Embed Pods Frameworks */ = {
			isa = PBXShellScriptBuildPhase;
			buildActionMask = 2147483647;
			files = (
			);
			inputPaths = (
			);
			name = "[CP] Embed Pods Frameworks";
			outputPaths = (
			);
			runOnlyForDeploymentPostprocessing = 0;
			shellPath = /bin/sh;
			shellScript = "\"${SRCROOT}/Pods/Target Support Files/Pods-ios generalUITests/Pods-ios generalUITests-frameworks.sh\"\n";
			showEnvVarsInLog = 0;
		};
		3E234D1C7D3A87B63E479428 /* [CP] Embed Pods Frameworks */ = {
			isa = PBXShellScriptBuildPhase;
			buildActionMask = 2147483647;
			files = (
			);
			inputPaths = (
			);
			name = "[CP] Embed Pods Frameworks";
			outputPaths = (
			);
			runOnlyForDeploymentPostprocessing = 0;
			shellPath = /bin/sh;
			shellScript = "\"${SRCROOT}/Pods/Target Support Files/Pods-ios generalTests/Pods-ios generalTests-frameworks.sh\"\n";
			showEnvVarsInLog = 0;
		};
		4D77CE928988B46C7171E8A7 /* [CP] Check Pods Manifest.lock */ = {
			isa = PBXShellScriptBuildPhase;
			buildActionMask = 2147483647;
			files = (
			);
			inputPaths = (
			);
			name = "[CP] Check Pods Manifest.lock";
			outputPaths = (
			);
			runOnlyForDeploymentPostprocessing = 0;
			shellPath = /bin/sh;
			shellScript = "diff \"${PODS_PODFILE_DIR_PATH}/Podfile.lock\" \"${PODS_ROOT}/Manifest.lock\" > /dev/null\nif [ $? != 0 ] ; then\n    # print error to STDERR\n    echo \"error: The sandbox is not in sync with the Podfile.lock. Run 'pod install' or update your CocoaPods installation.\" >&2\n    exit 1\nfi\n";
			showEnvVarsInLog = 0;
		};
		5F796F5296CDCBEB33AA0A07 /* [CP] Check Pods Manifest.lock */ = {
			isa = PBXShellScriptBuildPhase;
			buildActionMask = 2147483647;
			files = (
			);
			inputPaths = (
			);
			name = "[CP] Check Pods Manifest.lock";
			outputPaths = (
			);
			runOnlyForDeploymentPostprocessing = 0;
			shellPath = /bin/sh;
			shellScript = "diff \"${PODS_PODFILE_DIR_PATH}/Podfile.lock\" \"${PODS_ROOT}/Manifest.lock\" > /dev/null\nif [ $? != 0 ] ; then\n    # print error to STDERR\n    echo \"error: The sandbox is not in sync with the Podfile.lock. Run 'pod install' or update your CocoaPods installation.\" >&2\n    exit 1\nfi\n";
			showEnvVarsInLog = 0;
		};
		6698B9D447DF13E56D77ADA6 /* [CP] Check Pods Manifest.lock */ = {
			isa = PBXShellScriptBuildPhase;
			buildActionMask = 2147483647;
			files = (
			);
			inputPaths = (
			);
			name = "[CP] Check Pods Manifest.lock";
			outputPaths = (
			);
			runOnlyForDeploymentPostprocessing = 0;
			shellPath = /bin/sh;
			shellScript = "diff \"${PODS_PODFILE_DIR_PATH}/Podfile.lock\" \"${PODS_ROOT}/Manifest.lock\" > /dev/null\nif [ $? != 0 ] ; then\n    # print error to STDERR\n    echo \"error: The sandbox is not in sync with the Podfile.lock. Run 'pod install' or update your CocoaPods installation.\" >&2\n    exit 1\nfi\n";
			showEnvVarsInLog = 0;
		};
		7125C96FE3FAC24F4901E7B7 /* [CP] Copy Pods Resources */ = {
			isa = PBXShellScriptBuildPhase;
			buildActionMask = 2147483647;
			files = (
			);
			inputPaths = (
			);
			name = "[CP] Copy Pods Resources";
			outputPaths = (
			);
			runOnlyForDeploymentPostprocessing = 0;
			shellPath = /bin/sh;
			shellScript = "\"${SRCROOT}/Pods/Target Support Files/Pods-ios generalUITests/Pods-ios generalUITests-resources.sh\"\n";
			showEnvVarsInLog = 0;
		};
		8F7C43DB9696FED3A3521FAB /* [CP] Copy Pods Resources */ = {
			isa = PBXShellScriptBuildPhase;
			buildActionMask = 2147483647;
			files = (
			);
			inputPaths = (
			);
			name = "[CP] Copy Pods Resources";
			outputPaths = (
			);
			runOnlyForDeploymentPostprocessing = 0;
			shellPath = /bin/sh;
			shellScript = "\"${SRCROOT}/Pods/Target Support Files/Pods-ios generalTests/Pods-ios generalTests-resources.sh\"\n";
			showEnvVarsInLog = 0;
		};
		B08F7BF61B5B78F214A6F98B /* [CP] Embed Pods Frameworks */ = {
			isa = PBXShellScriptBuildPhase;
			buildActionMask = 2147483647;
			files = (
			);
			inputPaths = (
			);
			name = "[CP] Embed Pods Frameworks";
			outputPaths = (
			);
			runOnlyForDeploymentPostprocessing = 0;
			shellPath = /bin/sh;
			shellScript = "\"${SRCROOT}/Pods/Target Support Files/Pods-ios general/Pods-ios general-frameworks.sh\"\n";
			showEnvVarsInLog = 0;
		};
/* End PBXShellScriptBuildPhase section */

/* Begin PBXSourcesBuildPhase section */
		935C62DE1EBB4C7800EA6A8A /* Sources */ = {
			isa = PBXSourcesBuildPhase;
			buildActionMask = 2147483647;
			files = (
				AE82FA6B1ED46163006EE78F /* model.xcdatamodeld in Sources */,
				AE5D77B51ED826E000883F02 /* OrganizationMO+CoreDataProperties.m in Sources */,
				AE5D77E31ED8431D00883F02 /* EmployeeMO+CoreDataProperties.m in Sources */,
				AE82FA601ED45E98006EE78F /* AppDelegate.m in Sources */,
				AE5D77B41ED826E000883F02 /* OrganizationMO+CoreDataClass.m in Sources */,
				AE82FA611ED45E98006EE78F /* CreateEmployeeViewController.m in Sources */,
				AE5D77E21ED8431D00883F02 /* EmployeeMO+CoreDataClass.m in Sources */,
				AE82FA621ED45E98006EE78F /* DetailViewController.m in Sources */,
				AEA9BD311ED5C9E3007736E6 /* OrganizationInfoViewController.swift in Sources */,
				AE82FA631ED45E98006EE78F /* MainTableViewController.m in Sources */,
				AE82FA661ED45E98006EE78F /* EmployeeMO+Custom.m in Sources */,
				AE82FA691ED45E98006EE78F /* OrganizationMO+Custom.m in Sources */,
				AE82FA6A1ED45E98006EE78F /* main.m in Sources */,
			);
			runOnlyForDeploymentPostprocessing = 0;
		};
		935C62F71EBB4C7800EA6A8A /* Sources */ = {
			isa = PBXSourcesBuildPhase;
			buildActionMask = 2147483647;
			files = (
				935C63001EBB4C7800EA6A8A /* ios_generalTests.m in Sources */,
			);
			runOnlyForDeploymentPostprocessing = 0;
		};
		935C63021EBB4C7900EA6A8A /* Sources */ = {
			isa = PBXSourcesBuildPhase;
			buildActionMask = 2147483647;
			files = (
				935C630B1EBB4C7900EA6A8A /* ios_generalUITests.m in Sources */,
			);
			runOnlyForDeploymentPostprocessing = 0;
		};
/* End PBXSourcesBuildPhase section */

/* Begin PBXTargetDependency section */
		935C62FD1EBB4C7800EA6A8A /* PBXTargetDependency */ = {
			isa = PBXTargetDependency;
			target = 935C62E11EBB4C7800EA6A8A /* ios general */;
			targetProxy = 935C62FC1EBB4C7800EA6A8A /* PBXContainerItemProxy */;
		};
		935C63081EBB4C7900EA6A8A /* PBXTargetDependency */ = {
			isa = PBXTargetDependency;
			target = 935C62E11EBB4C7800EA6A8A /* ios general */;
			targetProxy = 935C63071EBB4C7900EA6A8A /* PBXContainerItemProxy */;
		};
/* End PBXTargetDependency section */

/* Begin XCBuildConfiguration section */
		935C630D1EBB4C7900EA6A8A /* Debug */ = {
			isa = XCBuildConfiguration;
			buildSettings = {
				ALWAYS_SEARCH_USER_PATHS = NO;
				CLANG_ANALYZER_NONNULL = YES;
				CLANG_ANALYZER_NUMBER_OBJECT_CONVERSION = YES_AGGRESSIVE;
				CLANG_CXX_LANGUAGE_STANDARD = "gnu++0x";
				CLANG_CXX_LIBRARY = "libc++";
				CLANG_ENABLE_MODULES = YES;
				CLANG_ENABLE_OBJC_ARC = YES;
				CLANG_WARN_BOOL_CONVERSION = YES;
				CLANG_WARN_CONSTANT_CONVERSION = YES;
				CLANG_WARN_DIRECT_OBJC_ISA_USAGE = YES_ERROR;
				CLANG_WARN_DOCUMENTATION_COMMENTS = YES;
				CLANG_WARN_EMPTY_BODY = YES;
				CLANG_WARN_ENUM_CONVERSION = YES;
				CLANG_WARN_INFINITE_RECURSION = YES;
				CLANG_WARN_INT_CONVERSION = YES;
				CLANG_WARN_OBJC_ROOT_CLASS = YES_ERROR;
				CLANG_WARN_SUSPICIOUS_MOVE = YES;
				CLANG_WARN_UNREACHABLE_CODE = YES;
				CLANG_WARN__DUPLICATE_METHOD_MATCH = YES;
				"CODE_SIGN_IDENTITY[sdk=iphoneos*]" = "iPhone Developer";
				COPY_PHASE_STRIP = NO;
				DEBUG_INFORMATION_FORMAT = dwarf;
				ENABLE_STRICT_OBJC_MSGSEND = YES;
				ENABLE_TESTABILITY = YES;
				GCC_C_LANGUAGE_STANDARD = gnu99;
				GCC_DYNAMIC_NO_PIC = NO;
				GCC_NO_COMMON_BLOCKS = YES;
				GCC_OPTIMIZATION_LEVEL = 0;
				GCC_PREPROCESSOR_DEFINITIONS = (
					"DEBUG=1",
					"$(inherited)",
				);
				GCC_WARN_64_TO_32_BIT_CONVERSION = YES;
				GCC_WARN_ABOUT_RETURN_TYPE = YES_ERROR;
				GCC_WARN_UNDECLARED_SELECTOR = YES;
				GCC_WARN_UNINITIALIZED_AUTOS = YES_AGGRESSIVE;
				GCC_WARN_UNUSED_FUNCTION = YES;
				GCC_WARN_UNUSED_VARIABLE = YES;
				IPHONEOS_DEPLOYMENT_TARGET = 10.3;
				MTL_ENABLE_DEBUG_INFO = YES;
				ONLY_ACTIVE_ARCH = YES;
				SDKROOT = iphoneos;
				TARGETED_DEVICE_FAMILY = "1,2";
			};
			name = Debug;
		};
		935C630E1EBB4C7900EA6A8A /* Release */ = {
			isa = XCBuildConfiguration;
			buildSettings = {
				ALWAYS_SEARCH_USER_PATHS = NO;
				CLANG_ANALYZER_NONNULL = YES;
				CLANG_ANALYZER_NUMBER_OBJECT_CONVERSION = YES_AGGRESSIVE;
				CLANG_CXX_LANGUAGE_STANDARD = "gnu++0x";
				CLANG_CXX_LIBRARY = "libc++";
				CLANG_ENABLE_MODULES = YES;
				CLANG_ENABLE_OBJC_ARC = YES;
				CLANG_WARN_BOOL_CONVERSION = YES;
				CLANG_WARN_CONSTANT_CONVERSION = YES;
				CLANG_WARN_DIRECT_OBJC_ISA_USAGE = YES_ERROR;
				CLANG_WARN_DOCUMENTATION_COMMENTS = YES;
				CLANG_WARN_EMPTY_BODY = YES;
				CLANG_WARN_ENUM_CONVERSION = YES;
				CLANG_WARN_INFINITE_RECURSION = YES;
				CLANG_WARN_INT_CONVERSION = YES;
				CLANG_WARN_OBJC_ROOT_CLASS = YES_ERROR;
				CLANG_WARN_SUSPICIOUS_MOVE = YES;
				CLANG_WARN_UNREACHABLE_CODE = YES;
				CLANG_WARN__DUPLICATE_METHOD_MATCH = YES;
				"CODE_SIGN_IDENTITY[sdk=iphoneos*]" = "iPhone Developer";
				COPY_PHASE_STRIP = NO;
				DEBUG_INFORMATION_FORMAT = "dwarf-with-dsym";
				ENABLE_NS_ASSERTIONS = NO;
				ENABLE_STRICT_OBJC_MSGSEND = YES;
				GCC_C_LANGUAGE_STANDARD = gnu99;
				GCC_NO_COMMON_BLOCKS = YES;
				GCC_WARN_64_TO_32_BIT_CONVERSION = YES;
				GCC_WARN_ABOUT_RETURN_TYPE = YES_ERROR;
				GCC_WARN_UNDECLARED_SELECTOR = YES;
				GCC_WARN_UNINITIALIZED_AUTOS = YES_AGGRESSIVE;
				GCC_WARN_UNUSED_FUNCTION = YES;
				GCC_WARN_UNUSED_VARIABLE = YES;
				IPHONEOS_DEPLOYMENT_TARGET = 10.3;
				MTL_ENABLE_DEBUG_INFO = NO;
				SDKROOT = iphoneos;
				TARGETED_DEVICE_FAMILY = "1,2";
				VALIDATE_PRODUCT = YES;
			};
			name = Release;
		};
		935C63101EBB4C7900EA6A8A /* Debug */ = {
			isa = XCBuildConfiguration;
			baseConfigurationReference = 462758EA647B3254F184CA2E /* Pods-ios general.debug.xcconfig */;
			buildSettings = {
				ASSETCATALOG_COMPILER_APPICON_NAME = AppIcon;
				CLANG_ENABLE_MODULES = YES;
				DEFINES_MODULE = YES;
				INFOPLIST_FILE = "ios general/Info.plist";
				LD_RUNPATH_SEARCH_PATHS = "$(inherited) @executable_path/Frameworks";
				PRODUCT_BUNDLE_IDENTIFIER = "locovna.com.ios-general";
				PRODUCT_NAME = "$(TARGET_NAME)";
				SWIFT_OBJC_BRIDGING_HEADER = "ios general/Controller/ios general-Bridging-Header.h";
				SWIFT_OPTIMIZATION_LEVEL = "-Onone";
				SWIFT_VERSION = 3.0;
			};
			name = Debug;
		};
		935C63111EBB4C7900EA6A8A /* Release */ = {
			isa = XCBuildConfiguration;
			baseConfigurationReference = 4EFFBCA8D58B1E4F9417221B /* Pods-ios general.release.xcconfig */;
			buildSettings = {
				ASSETCATALOG_COMPILER_APPICON_NAME = AppIcon;
				CLANG_ENABLE_MODULES = YES;
				DEFINES_MODULE = YES;
				INFOPLIST_FILE = "ios general/Info.plist";
				LD_RUNPATH_SEARCH_PATHS = "$(inherited) @executable_path/Frameworks";
				PRODUCT_BUNDLE_IDENTIFIER = "locovna.com.ios-general";
				PRODUCT_NAME = "$(TARGET_NAME)";
				SWIFT_OBJC_BRIDGING_HEADER = "ios general/Controller/ios general-Bridging-Header.h";
				SWIFT_VERSION = 3.0;
			};
			name = Release;
		};
		935C63131EBB4C7900EA6A8A /* Debug */ = {
			isa = XCBuildConfiguration;
			baseConfigurationReference = 7E89CBDE2F748FFF12167BF3 /* Pods-ios generalTests.debug.xcconfig */;
			buildSettings = {
				ALWAYS_EMBED_SWIFT_STANDARD_LIBRARIES = YES;
				BUNDLE_LOADER = "$(TEST_HOST)";
				INFOPLIST_FILE = "ios generalTests/Info.plist";
				LD_RUNPATH_SEARCH_PATHS = "$(inherited) @executable_path/Frameworks @loader_path/Frameworks";
				PRODUCT_BUNDLE_IDENTIFIER = "locovna.com.ios-generalTests";
				PRODUCT_NAME = "$(TARGET_NAME)";
				TEST_HOST = "$(BUILT_PRODUCTS_DIR)/ios general.app/ios general";
			};
			name = Debug;
		};
		935C63141EBB4C7900EA6A8A /* Release */ = {
			isa = XCBuildConfiguration;
			baseConfigurationReference = B5A70D993C7FA80436D4E426 /* Pods-ios generalTests.release.xcconfig */;
			buildSettings = {
				ALWAYS_EMBED_SWIFT_STANDARD_LIBRARIES = YES;
				BUNDLE_LOADER = "$(TEST_HOST)";
				INFOPLIST_FILE = "ios generalTests/Info.plist";
				LD_RUNPATH_SEARCH_PATHS = "$(inherited) @executable_path/Frameworks @loader_path/Frameworks";
				PRODUCT_BUNDLE_IDENTIFIER = "locovna.com.ios-generalTests";
				PRODUCT_NAME = "$(TARGET_NAME)";
				TEST_HOST = "$(BUILT_PRODUCTS_DIR)/ios general.app/ios general";
			};
			name = Release;
		};
		935C63161EBB4C7900EA6A8A /* Debug */ = {
			isa = XCBuildConfiguration;
			baseConfigurationReference = BE07BA3F96FEE696E0194A9D /* Pods-ios generalUITests.debug.xcconfig */;
			buildSettings = {
				ALWAYS_EMBED_SWIFT_STANDARD_LIBRARIES = YES;
				INFOPLIST_FILE = "ios generalUITests/Info.plist";
				LD_RUNPATH_SEARCH_PATHS = "$(inherited) @executable_path/Frameworks @loader_path/Frameworks";
				PRODUCT_BUNDLE_IDENTIFIER = "locovna.com.ios-generalUITests";
				PRODUCT_NAME = "$(TARGET_NAME)";
				TEST_TARGET_NAME = "ios general";
			};
			name = Debug;
		};
		935C63171EBB4C7900EA6A8A /* Release */ = {
			isa = XCBuildConfiguration;
			baseConfigurationReference = 4BD6F8876967B42EA33BD30E /* Pods-ios generalUITests.release.xcconfig */;
			buildSettings = {
				ALWAYS_EMBED_SWIFT_STANDARD_LIBRARIES = YES;
				INFOPLIST_FILE = "ios generalUITests/Info.plist";
				LD_RUNPATH_SEARCH_PATHS = "$(inherited) @executable_path/Frameworks @loader_path/Frameworks";
				PRODUCT_BUNDLE_IDENTIFIER = "locovna.com.ios-generalUITests";
				PRODUCT_NAME = "$(TARGET_NAME)";
				TEST_TARGET_NAME = "ios general";
			};
			name = Release;
		};
/* End XCBuildConfiguration section */

/* Begin XCConfigurationList section */
		935C62DD1EBB4C7800EA6A8A /* Build configuration list for PBXProject "ios general" */ = {
			isa = XCConfigurationList;
			buildConfigurations = (
				935C630D1EBB4C7900EA6A8A /* Debug */,
				935C630E1EBB4C7900EA6A8A /* Release */,
			);
			defaultConfigurationIsVisible = 0;
			defaultConfigurationName = Release;
		};
		935C630F1EBB4C7900EA6A8A /* Build configuration list for PBXNativeTarget "ios general" */ = {
			isa = XCConfigurationList;
			buildConfigurations = (
				935C63101EBB4C7900EA6A8A /* Debug */,
				935C63111EBB4C7900EA6A8A /* Release */,
			);
			defaultConfigurationIsVisible = 0;
			defaultConfigurationName = Release;
		};
		935C63121EBB4C7900EA6A8A /* Build configuration list for PBXNativeTarget "ios generalTests" */ = {
			isa = XCConfigurationList;
			buildConfigurations = (
				935C63131EBB4C7900EA6A8A /* Debug */,
				935C63141EBB4C7900EA6A8A /* Release */,
			);
			defaultConfigurationIsVisible = 0;
			defaultConfigurationName = Release;
		};
		935C63151EBB4C7900EA6A8A /* Build configuration list for PBXNativeTarget "ios generalUITests" */ = {
			isa = XCConfigurationList;
			buildConfigurations = (
				935C63161EBB4C7900EA6A8A /* Debug */,
				935C63171EBB4C7900EA6A8A /* Release */,
			);
			defaultConfigurationIsVisible = 0;
			defaultConfigurationName = Release;
		};
/* End XCConfigurationList section */

/* Begin XCVersionGroup section */
		AE6DBDBC1ECCB3150035C3CB /* model.xcdatamodeld */ = {
			isa = XCVersionGroup;
			children = (
				AE6DBDBD1ECCB3150035C3CB /* model.xcdatamodel */,
			);
			currentVersion = AE6DBDBD1ECCB3150035C3CB /* model.xcdatamodel */;
			path = model.xcdatamodeld;
			sourceTree = "<group>";
			versionGroupType = wrapper.xcdatamodel;
		};
/* End XCVersionGroup section */
	};
	rootObject = 935C62DA1EBB4C7800EA6A8A /* Project object */;
}
